<?xml version="1.0" encoding="UTF-8" standalone="yes" ?>
<CodeBlocks_project_file>
	<FileVersion major="1" minor="6" />
	<Project>
		<Option title="EscapeFromCave" />
		<Option pch_mode="2" />
		<Option compiler="gcc" />
		<Build>
			<Target title="Debug">
				<Option output="bin/Debug/EscapeFromCave" prefix_auto="1" extension_auto="1" />
				<Option object_output="obj/Debug/" />
				<Option type="1" />
				<Option compiler="gcc" />
				<Compiler>
					<Add option="-g" />
				</Compiler>
			</Target>
			<Target title="Release">
				<Option output="bin/Release/EscapeFromCave" prefix_auto="1" extension_auto="1" />
				<Option object_output="obj/Release/" />
				<Option type="1" />
				<Option compiler="gcc" />
				<Compiler>
					<Add option="-O2" />
				</Compiler>
				<Linker>
					<Add option="-s" />
				</Linker>
			</Target>
		</Build>
		<Compiler>
			<Add option="-Wall" />
			<Add option="-fexceptions" />
		</Compiler>
		<Unit filename="manager/TextManager.cpp" />
		<Unit filename="manager/TextManager.hpp" />
		<Unit filename="manager/TextureManager.cpp" />
		<Unit filename="manager/TextureManager.hpp" />
		<Unit filename="src/Bat.cpp" />
		<Unit filename="src/Bat.hpp" />
		<Unit filename="src/Bomb.cpp" />
		<Unit filename="src/Bomb.hpp" />
		<Unit filename="src/Coin.cpp" />
		<Unit filename="src/Coin.hpp" />
		<Unit filename="src/Game.cpp" />
		<Unit filename="src/Game.hpp" />
		<Unit filename="src/Ghost.cpp" />
		<Unit filename="src/Ghost.hpp" />
		<Unit filename="src/Lava.cpp" />
		<Unit filename="src/Lava.hpp" />
		<Unit filename="src/Map.cpp" />
		<Unit filename="src/Map.hpp" />
		<Unit filename="src/Peak.cpp" />
		<Unit filename="src/Peak.hpp" />
		<Unit filename="src/Player.cpp" />
		<Unit filename="src/Player.hpp" />
		<Unit filename="src/Teleporter.cpp" />
		<Unit filename="src/Teleporter.hpp" />
		<Unit filename="src/Trap.cpp" />
		<Unit filename="src/Trap.hpp" />
		<Unit filename="src/main.cpp" />
		<Extensions />
	</Project>
</CodeBlocks_project_file>
